
Microsoft Visual Studio Solution File, Format Version 12.00
# Visual Studio Version 16
VisualStudioVersion = 16.0.31702.278
MinimumVisualStudioVersion = 10.0.40219.1
Project("{FAE04EC0-301F-11D3-BF4B-00C04F79EFBC}") = "UserRegistrationTesting", "UserRegistrationTesting\UserRegistrationTesting.csproj", "{4BFE17ED-06E4-4DDE-93D5-ABDBF137311F}"
EndProject
Global
	GlobalSection(SolutionConfigurationPlatforms) = preSolution
		Debug|Any CPU = Debug|Any CPU
		Release|Any CPU = Release|Any CPU
	EndGlobalSection
	GlobalSection(ProjectConfigurationPlatforms) = postSolution
		{4BFE17ED-06E4-4DDE-93D5-ABDBF137311F}.Debug|Any CPU.ActiveCfg = Debug|Any CPU
		{4BFE17ED-06E4-4DDE-93D5-ABDBF137311F}.Debug|Any CPU.Build.0 = Debug|Any CPU
		{4BFE17ED-06E4-4DDE-93D5-ABDBF137311F}.Release|Any CPU.ActiveCfg = Release|Any CPU
		{4BFE17ED-06E4-4DDE-93D5-ABDBF137311F}.Release|Any CPU.Build.0 = Release|Any CPU
	EndGlobalSection
	GlobalSection(SolutionProperties) = preSolution
		HideSolutionNode = FALSE
	EndGlobalSection
	GlobalSection(ExtensibilityGlobals) = postSolution
		SolutionGuid = {8A07ED62-A36A-4BFD-9556-CFEC79AF79FC}
	EndGlobalSection
EndGlobal
